
Microsoft Visual Studio Solution File, Format Version 12.00
# Visual Studio Version 17
VisualStudioVersion = 17.7.34024.191
MinimumVisualStudioVersion = 10.0.40219.1
Project("{FAE04EC0-301F-11D3-BF4B-00C04F79EFBC}") = "Hastane Otomasyonu", "Hastane Otomasyonu.csproj", "{08F4F29E-1602-4AE1-B68B-01C610DF6A34}"
EndProject
Global
	GlobalSection(SolutionConfigurationPlatforms) = preSolution
		Debug|Any CPU = Debug|Any CPU
		Release|Any CPU = Release|Any CPU
	EndGlobalSection
	GlobalSection(ProjectConfigurationPlatforms) = postSolution
		{08F4F29E-1602-4AE1-B68B-01C610DF6A34}.Debug|Any CPU.ActiveCfg = Debug|Any CPU
		{08F4F29E-1602-4AE1-B68B-01C610DF6A34}.Debug|Any CPU.Build.0 = Debug|Any CPU
		{08F4F29E-1602-4AE1-B68B-01C610DF6A34}.Release|Any CPU.ActiveCfg = Release|Any CPU
		{08F4F29E-1602-4AE1-B68B-01C610DF6A34}.Release|Any CPU.Build.0 = Release|Any CPU
	EndGlobalSection
	GlobalSection(SolutionProperties) = preSolution
		HideSolutionNode = FALSE
	EndGlobalSection
	GlobalSection(ExtensibilityGlobals) = postSolution
		SolutionGuid = {BDBCC845-9B2C-47A3-8C95-48626D982E2A}
	EndGlobalSection
EndGlobal
